{
  "nodes": {
    "catppuccin": {
      "inputs": {
        "nixpkgs": "nixpkgs"
      },
      "locked": {
        "lastModified": 1745598511,
        "narHash": "sha256-GWYB7PngGwTJrp7gr0w6E5nnvwiblPvN2kjRCQw3ZEg=",
        "owner": "catppuccin",
        "repo": "nix",
        "rev": "199cb288a85b15ed203089804c024ae5b3eacd7c",
        "type": "github"
      },
      "original": {
        "owner": "catppuccin",
        "repo": "nix",
        "type": "github"
      }
    },
    "home-manager": {
      "inputs": {
        "nixpkgs": [
          "nixpkgs"
        ]
      },
      "locked": {
        "lastModified": 1745557122,
        "narHash": "sha256-eqSo9ugzsqhFgaDFYUZj943nurlX4L6f+AW0skJ4W+M=",
        "owner": "nix-community",
        "repo": "home-manager",
        "rev": "dd26f75fb4ec1c731d4b1396eaf4439ce40a91c1",
        "type": "github"
      },
      "original": {
        "owner": "nix-community",
        "ref": "release-24.11",
        "repo": "home-manager",
        "type": "github"
      }
    },
    "nixos-hardware": {
      "locked": {
        "lastModified": 1745907084,
        "narHash": "sha256-Q8SpDbTI95vtKXgNcVl1VdSUhhDOORE8R77wWS2rmg8=",
        "owner": "NixOS",
        "repo": "nixos-hardware",
        "rev": "f1e52a018166e1a324f832de913e12c0e55792d0",
        "type": "github"
      },
      "original": {
        "owner": "NixOS",
        "ref": "master",
        "repo": "nixos-hardware",
        "type": "github"
      }
    },
    "nixpkgs": {
      "locked": {
        "lastModified": 1744463964,
        "narHash": "sha256-LWqduOgLHCFxiTNYi3Uj5Lgz0SR+Xhw3kr/3Xd0GPTM=",
        "owner": "NixOS",
        "repo": "nixpkgs",
        "rev": "2631b0b7abcea6e640ce31cd78ea58910d31e650",
        "type": "github"
      },
      "original": {
        "owner": "NixOS",
        "ref": "nixos-unstable",
        "repo": "nixpkgs",
        "type": "github"
      }
    },
    "nixpkgs-unstable": {
      "locked": {
        "lastModified": 1745794561,
        "narHash": "sha256-T36rUZHUART00h3dW4sV5tv4MrXKT7aWjNfHiZz7OHg=",
        "owner": "NixOS",
        "repo": "nixpkgs",
        "rev": "5461b7fa65f3ca74cef60be837fd559a8918eaa0",
        "type": "github"
      },
      "original": {
        "id": "nixpkgs",
        "ref": "nixos-unstable",
        "type": "indirect"
      }
    },
    "nixpkgs_2": {
      "locked": {
        "lastModified": 1745868005,
        "narHash": "sha256-hZScOyQphT4RUmSEJX+2OxjIlGgLwSd8iW1LNtAWIOs=",
        "owner": "NixOS",
        "repo": "nixpkgs",
        "rev": "330d0a4167924b43f31cc9406df363f71b768a02",
        "type": "github"
      },
      "original": {
        "id": "nixpkgs",
        "ref": "nixos-24.11",
        "type": "indirect"
      }
    },
    "root": {
      "inputs": {
        "catppuccin": "catppuccin",
        "home-manager": "home-manager",
        "nixos-hardware": "nixos-hardware",
        "nixpkgs": "nixpkgs_2",
        "nixpkgs-unstable": "nixpkgs-unstable",
        "zen-browser": "zen-browser"
      }
    },
    "zen-browser": {
      "inputs": {
        "home-manager": [
          "home-manager"
        ],
        "nixpkgs": [
          "nixpkgs-unstable"
        ]
      },
      "locked": {
        "lastModified": 1746760187,
        "narHash": "sha256-L1NQFK3X4e0Xidw7D7ECQv3G+j4fXkxW7ITGZkjIk8s=",
        "owner": "0xc000022070",
        "repo": "zen-browser-flake",
        "rev": "7aa363c80e66548445ce392edc6d05a7d74b8fd7",
        "type": "github"
      },
      "original": {
        "owner": "0xc000022070",
        "repo": "zen-browser-flake",
        "type": "github"
      }
    }
  },
  "root": "root",
  "version": 7
}
